// !$*UTF8*$!
{
	archiveVersion = 1;
	classes = {
	};
	objectVersion = 56;
	objects = {

/* Begin PBXBuildFile section */
	1A0000000000000000000001 /* ChigurApp.swift in Sources */ = {isa = PBXBuildFile; fileRef = 1A0000000000000000000002 /* ChigurApp.swift */; };
	1A0000000000000000000003 /* ContentView.swift in Sources */ = {isa = PBXBuildFile; fileRef = 1A0000000000000000000004 /* ContentView.swift */; };
	1A0000000000000000000005 /* Info.plist in Resources */ = {isa = PBXBuildFile; fileRef = 1A0000000000000000000006 /* Info.plist */; };
	1A0000000000000000000007 /* WebKit.framework in Frameworks */ = {isa = PBXBuildFile; fileRef = 1A0000000000000000000008 /* WebKit.framework */; };
/* End PBXBuildFile section */

/* Begin PBXFileReference section */
	1A0000000000000000000002 /* ChigurApp.swift */ = {isa = PBXFileReference; lastKnownFileType = sourcecode.swift; path = ChigurApp.swift; sourceTree = "<group>"; };
	1A0000000000000000000004 /* ContentView.swift */ = {isa = PBXFileReference; lastKnownFileType = sourcecode.swift; path = ContentView.swift; sourceTree = "<group>"; };
	1A0000000000000000000006 /* Info.plist */ = {isa = PBXFileReference; lastKnownFileType = text.plist.xml; path = Info.plist; sourceTree = "<group>"; };
	1A0000000000000000000009 /* ChigurApp.app */ = {isa = PBXFileReference; explicitFileType = wrapper.application; includeInIndex = 0; path = ChigurApp.app; sourceTree = BUILT_PRODUCTS_DIR; };
	1A0000000000000000000008 /* WebKit.framework */ = {isa = PBXFileReference; lastKnownFileType = wrapper.framework; name = WebKit.framework; path = System/Library/Frameworks/WebKit.framework; sourceTree = SDKROOT; };
/* End PBXFileReference section */

/* Begin PBXFrameworksBuildPhase section */
	1A000000000000000000000A /* Frameworks */ = {
		isa = PBXFrameworksBuildPhase;
		buildActionMask = 2147483647;
		files = (
			1A0000000000000000000007 /* WebKit.framework in Frameworks */,
		);
		runOnlyForDeploymentPostprocessing = 0;
	};
/* End PBXFrameworksBuildPhase section */

/* Begin PBXGroup section */
	1A000000000000000000000B /* ChigurApp */ = {
		isa = PBXGroup;
		children = (
			1A0000000000000000000002,
			1A0000000000000000000004,
			1A0000000000000000000006,
		);
		path = ChigurApp;
		sourceTree = "<group>";
	};
	1A000000000000000000000C /* Products */ = {
		isa = PBXGroup;
		children = (
			1A0000000000000000000009,
		);
		sourceTree = "<group>";
	};
	1A000000000000000000000D /* Frameworks */ = {
		isa = PBXGroup;
		children = (
			1A0000000000000000000008,
		);
		name = Frameworks;
		sourceTree = "<group>";
	};
	1A000000000000000000000E /* Project */ = {
		isa = PBXGroup;
		children = (
			1A000000000000000000000B,
			1A000000000000000000000C,
			1A000000000000000000000D,
		);
		sourceTree = "<group>";
	};
/* End PBXGroup section */

/* Begin PBXResourcesBuildPhase section */
	1A000000000000000000000F /* Resources */ = {
		isa = PBXResourcesBuildPhase;
		buildActionMask = 2147483647;
		files = (
			1A0000000000000000000005 /* Info.plist in Resources */,
		);
		runOnlyForDeploymentPostprocessing = 0;
	};
/* End PBXResourcesBuildPhase section */

/* Begin PBXSourcesBuildPhase section */
	1A0000000000000000000010 /* Sources */ = {
		isa = PBXSourcesBuildPhase;
		buildActionMask = 2147483647;
		files = (
			1A0000000000000000000001 /* ChigurApp.swift in Sources */,
			1A0000000000000000000003 /* ContentView.swift in Sources */,
		);
		runOnlyForDeploymentPostprocessing = 0;
	};
/* End PBXSourcesBuildPhase section */

/* Begin PBXNativeTarget section */
	1A0000000000000000000011 /* ChigurApp */ = {
		isa = PBXNativeTarget;
		buildConfigurationList = 1A0000000000000000000015 /* Build configuration list for PBXNativeTarget "ChigurApp" */;
		buildPhases = (
			1A0000000000000000000010,
			1A000000000000000000000F,
			1A000000000000000000000A,
		);
		buildRules = (
		);
		dependencies = (
		);
		name = ChigurApp;
		productName = ChigurApp;
		productReference = 1A0000000000000000000009;
		productType = "com.apple.product-type.application";
	};
/* End PBXNativeTarget section */

/* Begin PBXProject section */
	1A0000000000000000000012 /* Project object */ = {
		isa = PBXProject;
		attributes = {
			LastSwiftUpdateCheck = 1600;
			LastUpgradeCheck = 1600;
			TargetAttributes = {
				1A0000000000000000000011 = {
					CreatedOnToolsVersion = 16.0;
				};
			};
		};
		buildConfigurationList = 1A0000000000000000000016 /* Build configuration list for PBXProject "ChigurApp" */;
		compatibilityVersion = "Xcode 14.0";
		developmentRegion = en;
		hasScannedForEncodings = 0;
		knownRegions = (
			en,
		);
		mainGroup = 1A000000000000000000000E;
		projectDirPath = "";
		projectRoot = "";
		targets = (
			1A0000000000000000000011,
		);
	};
/* End PBXProject section */

/* Begin XCBuildConfiguration section */
	1A0000000000000000000013 /* Debug */ = {
		isa = XCBuildConfiguration;
		buildSettings = {
			CLANG_ENABLE_MODULES = YES;
			CODE_SIGN_STYLE = Automatic;
			CURRENT_PROJECT_VERSION = 1;
			GENERATE_INFOPLIST_FILE = NO;
			INFOPLIST_FILE = ChigurApp/Info.plist;
			IPHONEOS_DEPLOYMENT_TARGET = 15.0;
			PRODUCT_BUNDLE_IDENTIFIER = "com.example.chigur";
			PRODUCT_NAME = "$(TARGET_NAME)";
			SWIFT_VERSION = 5.9;
			TARGETED_DEVICE_FAMILY = 1;
			SKIP_INSTALL = NO;
			SDK = iphoneos;
		};
		name = Debug;
	};
	1A0000000000000000000014 /* Release */ = {
		isa = XCBuildConfiguration;
		buildSettings = {
			CLANG_ENABLE_MODULES = YES;
			CODE_SIGN_STYLE = Automatic;
			CURRENT_PROJECT_VERSION = 1;
			GENERATE_INFOPLIST_FILE = NO;
			INFOPLIST_FILE = ChigurApp/Info.plist;
			IPHONEOS_DEPLOYMENT_TARGET = 15.0;
			PRODUCT_BUNDLE_IDENTIFIER = "com.example.chigur";
			PRODUCT_NAME = "$(TARGET_NAME)";
			SWIFT_VERSION = 5.9;
			TARGETED_DEVICE_FAMILY = 1;
			SKIP_INSTALL = NO;
			SDK = iphoneos;
		};
		name = Release;
	};
/* End XCBuildConfiguration section */

/* Begin XCConfigurationList section */
	1A0000000000000000000015 /* Build configuration list for PBXNativeTarget "ChigurApp" */ = {
		isa = XCConfigurationList;
		buildConfigurations = (
			1A0000000000000000000013,
			1A0000000000000000000014,
		);
		defaultConfigurationIsVisible = 0;
		defaultConfigurationName = Release;
	};
	1A0000000000000000000016 /* Build configuration list for PBXProject "ChigurApp" */ = {
		isa = XCConfigurationList;
		buildConfigurations = (
			1A0000000000000000000013,
			1A0000000000000000000014,
		);
		defaultConfigurationIsVisible = 0;
		defaultConfigurationName = Release;
	};
/* End XCConfigurationList section */
	};
	rootObject = 1A0000000000000000000012;
}
